
Microsoft Visual Studio Solution File, Format Version 12.00
# Visual Studio Version 17
VisualStudioVersion = 17.9.34723.18
MinimumVisualStudioVersion = 10.0.40219.1
Project("{9A19103F-16F7-4668-BE54-9A1E7A4F7556}") = "Caserita_Presentation", "Presentation\Caserita_Presentation.csproj", "{52328C18-2746-485D-8C58-73EDA0646862}"
	ProjectSection(ProjectDependencies) = postProject
		{66A68191-8B40-4C03-BFBD-8FE16CB6E922} = {66A68191-8B40-4C03-BFBD-8FE16CB6E922}
		{8B416F88-FA48-48B6-A65B-709364D01967} = {8B416F88-FA48-48B6-A65B-709364D01967}
		{CE5C069C-1142-49B9-B53E-41700EC205BA} = {CE5C069C-1142-49B9-B53E-41700EC205BA}
	EndProjectSection
EndProject
Project("{9A19103F-16F7-4668-BE54-9A1E7A4F7556}") = "Caserita_Domain", "Domain\Caserita_Domain.csproj", "{CE5C069C-1142-49B9-B53E-41700EC205BA}"
EndProject
Project("{9A19103F-16F7-4668-BE54-9A1E7A4F7556}") = "Caserita_Data", "Data\Caserita_Data.csproj", "{66A68191-8B40-4C03-BFBD-8FE16CB6E922}"
	ProjectSection(ProjectDependencies) = postProject
		{CE5C069C-1142-49B9-B53E-41700EC205BA} = {CE5C069C-1142-49B9-B53E-41700EC205BA}
	EndProjectSection
EndProject
Project("{9A19103F-16F7-4668-BE54-9A1E7A4F7556}") = "Caserita_Business", "Business\Caserita_Business.csproj", "{8B416F88-FA48-48B6-A65B-709364D01967}"
	ProjectSection(ProjectDependencies) = postProject
		{66A68191-8B40-4C03-BFBD-8FE16CB6E922} = {66A68191-8B40-4C03-BFBD-8FE16CB6E922}
		{CE5C069C-1142-49B9-B53E-41700EC205BA} = {CE5C069C-1142-49B9-B53E-41700EC205BA}
	EndProjectSection
EndProject
Project("{9A19103F-16F7-4668-BE54-9A1E7A4F7556}") = "Caserita_Middlewares", "Middlewares\Caserita_Middlewares.csproj", "{035CA57A-CD60-4EF2-B1FF-12AB0C8A6B62}"
EndProject
Global
	GlobalSection(SolutionConfigurationPlatforms) = preSolution
		Debug|Any CPU = Debug|Any CPU
		Release|Any CPU = Release|Any CPU
	EndGlobalSection
	GlobalSection(ProjectConfigurationPlatforms) = postSolution
		{52328C18-2746-485D-8C58-73EDA0646862}.Debug|Any CPU.ActiveCfg = Debug|Any CPU
		{52328C18-2746-485D-8C58-73EDA0646862}.Debug|Any CPU.Build.0 = Debug|Any CPU
		{52328C18-2746-485D-8C58-73EDA0646862}.Release|Any CPU.ActiveCfg = Release|Any CPU
		{52328C18-2746-485D-8C58-73EDA0646862}.Release|Any CPU.Build.0 = Release|Any CPU
		{CE5C069C-1142-49B9-B53E-41700EC205BA}.Debug|Any CPU.ActiveCfg = Debug|Any CPU
		{CE5C069C-1142-49B9-B53E-41700EC205BA}.Debug|Any CPU.Build.0 = Debug|Any CPU
		{CE5C069C-1142-49B9-B53E-41700EC205BA}.Release|Any CPU.ActiveCfg = Release|Any CPU
		{CE5C069C-1142-49B9-B53E-41700EC205BA}.Release|Any CPU.Build.0 = Release|Any CPU
		{66A68191-8B40-4C03-BFBD-8FE16CB6E922}.Debug|Any CPU.ActiveCfg = Debug|Any CPU
		{66A68191-8B40-4C03-BFBD-8FE16CB6E922}.Debug|Any CPU.Build.0 = Debug|Any CPU
		{66A68191-8B40-4C03-BFBD-8FE16CB6E922}.Release|Any CPU.ActiveCfg = Release|Any CPU
		{66A68191-8B40-4C03-BFBD-8FE16CB6E922}.Release|Any CPU.Build.0 = Release|Any CPU
		{8B416F88-FA48-48B6-A65B-709364D01967}.Debug|Any CPU.ActiveCfg = Debug|Any CPU
		{8B416F88-FA48-48B6-A65B-709364D01967}.Debug|Any CPU.Build.0 = Debug|Any CPU
		{8B416F88-FA48-48B6-A65B-709364D01967}.Release|Any CPU.ActiveCfg = Release|Any CPU
		{8B416F88-FA48-48B6-A65B-709364D01967}.Release|Any CPU.Build.0 = Release|Any CPU
		{035CA57A-CD60-4EF2-B1FF-12AB0C8A6B62}.Debug|Any CPU.ActiveCfg = Debug|Any CPU
		{035CA57A-CD60-4EF2-B1FF-12AB0C8A6B62}.Debug|Any CPU.Build.0 = Debug|Any CPU
		{035CA57A-CD60-4EF2-B1FF-12AB0C8A6B62}.Release|Any CPU.ActiveCfg = Release|Any CPU
		{035CA57A-CD60-4EF2-B1FF-12AB0C8A6B62}.Release|Any CPU.Build.0 = Release|Any CPU
	EndGlobalSection
	GlobalSection(SolutionProperties) = preSolution
		HideSolutionNode = FALSE
	EndGlobalSection
	GlobalSection(ExtensibilityGlobals) = postSolution
		SolutionGuid = {85852AC4-0406-4082-8D07-D6640372DC44}
	EndGlobalSection
EndGlobal
